{
  "version": 4,
  "terraform_version": "0.13.5",
  "serial": 49,
  "lineage": "19dc0ed3-865a-bbce-18dc-1707679d93c2",
  "outputs": {},
  "resources": [
    {
      "mode": "data",
      "type": "aws_ami",
      "name": "latest_server2016",
      "provider": "provider[\"registry.terraform.io/hashicorp/aws\"]",
      "instances": [
        {
          "schema_version": 0,
          "attributes": {
            "architecture": "x86_64",
            "arn": "arn:aws:ec2:us-west-2::image/ami-07280e820068b6fff",
            "block_device_mappings": [
              {
                "device_name": "/dev/sda1",
                "ebs": {
                  "delete_on_termination": "true",
                  "encrypted": "false",
                  "iops": "0",
                  "snapshot_id": "snap-0289f3e93d5e1f2ba",
                  "volume_size": "30",
                  "volume_type": "gp2"
                },
                "no_device": "",
                "virtual_name": ""
              },
              {
                "device_name": "xvdca",
                "ebs": {},
                "no_device": "",
                "virtual_name": "ephemeral0"
              },
              {
                "device_name": "xvdcb",
                "ebs": {},
                "no_device": "",
                "virtual_name": "ephemeral1"
              },
              {
                "device_name": "xvdcc",
                "ebs": {},
                "no_device": "",
                "virtual_name": "ephemeral2"
              },
              {
                "device_name": "xvdcd",
                "ebs": {},
                "no_device": "",
                "virtual_name": "ephemeral3"
              },
              {
                "device_name": "xvdce",
                "ebs": {},
                "no_device": "",
                "virtual_name": "ephemeral4"
              },
              {
                "device_name": "xvdcf",
                "ebs": {},
                "no_device": "",
                "virtual_name": "ephemeral5"
              },
              {
                "device_name": "xvdcg",
                "ebs": {},
                "no_device": "",
                "virtual_name": "ephemeral6"
              },
              {
                "device_name": "xvdch",
                "ebs": {},
                "no_device": "",
                "virtual_name": "ephemeral7"
              },
              {
                "device_name": "xvdci",
                "ebs": {},
                "no_device": "",
                "virtual_name": "ephemeral8"
              },
              {
                "device_name": "xvdcj",
                "ebs": {},
                "no_device": "",
                "virtual_name": "ephemeral9"
              },
              {
                "device_name": "xvdck",
                "ebs": {},
                "no_device": "",
                "virtual_name": "ephemeral10"
              },
              {
                "device_name": "xvdcl",
                "ebs": {},
                "no_device": "",
                "virtual_name": "ephemeral11"
              },
              {
                "device_name": "xvdcm",
                "ebs": {},
                "no_device": "",
                "virtual_name": "ephemeral12"
              },
              {
                "device_name": "xvdcn",
                "ebs": {},
                "no_device": "",
                "virtual_name": "ephemeral13"
              },
              {
                "device_name": "xvdco",
                "ebs": {},
                "no_device": "",
                "virtual_name": "ephemeral14"
              },
              {
                "device_name": "xvdcp",
                "ebs": {},
                "no_device": "",
                "virtual_name": "ephemeral15"
              },
              {
                "device_name": "xvdcq",
                "ebs": {},
                "no_device": "",
                "virtual_name": "ephemeral16"
              },
              {
                "device_name": "xvdcr",
                "ebs": {},
                "no_device": "",
                "virtual_name": "ephemeral17"
              },
              {
                "device_name": "xvdcs",
                "ebs": {},
                "no_device": "",
                "virtual_name": "ephemeral18"
              },
              {
                "device_name": "xvdct",
                "ebs": {},
                "no_device": "",
                "virtual_name": "ephemeral19"
              },
              {
                "device_name": "xvdcu",
                "ebs": {},
                "no_device": "",
                "virtual_name": "ephemeral20"
              },
              {
                "device_name": "xvdcv",
                "ebs": {},
                "no_device": "",
                "virtual_name": "ephemeral21"
              },
              {
                "device_name": "xvdcw",
                "ebs": {},
                "no_device": "",
                "virtual_name": "ephemeral22"
              },
              {
                "device_name": "xvdcx",
                "ebs": {},
                "no_device": "",
                "virtual_name": "ephemeral23"
              },
              {
                "device_name": "xvdcy",
                "ebs": {},
                "no_device": "",
                "virtual_name": "ephemeral24"
              },
              {
                "device_name": "xvdcz",
                "ebs": {},
                "no_device": "",
                "virtual_name": "ephemeral25"
              }
            ],
            "creation_date": "2020-12-09T08:54:33.000Z",
            "description": "Microsoft Windows Server 2016 with Desktop Experience Locale English AMI provided by Amazon",
            "executable_users": null,
            "filter": [
              {
                "name": "name",
                "values": [
                  "Windows_Server-2016-English-Full-Base*"
                ]
              },
              {
                "name": "virtualization-type",
                "values": [
                  "hvm"
                ]
              }
            ],
            "hypervisor": "xen",
            "id": "ami-07280e820068b6fff",
            "image_id": "ami-07280e820068b6fff",
            "image_location": "amazon/Windows_Server-2016-English-Full-Base-2020.12.09",
            "image_owner_alias": "amazon",
            "image_type": "machine",
            "kernel_id": null,
            "most_recent": true,
            "name": "Windows_Server-2016-English-Full-Base-2020.12.09",
            "name_regex": null,
            "owner_id": "801119661308",
            "owners": [
              "801119661308"
            ],
            "platform": "windows",
            "product_codes": [],
            "public": true,
            "ramdisk_id": null,
            "root_device_name": "/dev/sda1",
            "root_device_type": "ebs",
            "root_snapshot_id": "snap-0289f3e93d5e1f2ba",
            "sriov_net_support": "simple",
            "state": "available",
            "state_reason": {
              "code": "UNSET",
              "message": "UNSET"
            },
            "tags": {},
            "virtualization_type": "hvm"
          }
        }
      ]
    },
    {
      "mode": "data",
      "type": "aws_vpc",
      "name": "cx_na_lab",
      "provider": "provider[\"registry.terraform.io/hashicorp/aws\"]",
      "instances": [
        {
          "schema_version": 0,
          "attributes": {
            "arn": "arn:aws:ec2:us-west-2:275043232443:vpc/vpc-01f164835a3b8889c",
            "cidr_block": "10.100.0.0/16",
            "cidr_block_associations": [
              {
                "association_id": "vpc-cidr-assoc-056e385f2bcf7d074",
                "cidr_block": "10.100.0.0/16",
                "state": "associated"
              }
            ],
            "default": false,
            "dhcp_options_id": "dopt-a9f234d1",
            "enable_dns_hostnames": true,
            "enable_dns_support": true,
            "filter": null,
            "id": "vpc-01f164835a3b8889c",
            "instance_tenancy": "default",
            "ipv6_association_id": null,
            "ipv6_cidr_block": null,
            "main_route_table_id": "rtb-0e100607a5b788411",
            "owner_id": "275043232443",
            "state": "available",
            "tags": {
              "Name": "cx-na-lab-network 10.100.0.0/16",
              "Owner": "ben.stokes@checkmarx.com, randy.geyer@checkmarx.com"
            }
          }
        }
      ]
    },
    {
      "mode": "data",
      "type": "template_file",
      "name": "manager_provisioner",
      "provider": "provider[\"registry.terraform.io/hashicorp/template\"]",
      "instances": [
        {
          "schema_version": 0,
          "attributes": {
            "filename": null,
            "id": "14934c78b925227d4bd490af585c6ad15378cb882f00dd20fcc4052ea08b1619",
            "rendered": "    \u003cpowershell\u003e\u003e\r\n    ###################################################################################################\r\n    # Terraform bootstrap - enable TLS 1.2, WinRM, Install Chocolatey + Tools, and Set Admin Password\r\n    ###################################################################################################\r\n    # Enforce TLS 1.2 and execution policy\r\n    Set-ExecutionPolicy Bypass -Scope Process -Force; [System.Net.ServicePointManager]::SecurityProtocol = [System.Net.ServicePointManager]::SecurityProtocol -bor 3072;  \r\n    \r\n    # Enable WinRM for Terraform file provisioner\r\n    iex ((New-Object System.Net.WebClient).DownloadString('https://raw.githubusercontent.com/ansible/ansible/devel/examples/scripts/ConfigureRemotingForAnsible.ps1'))\r\n    \r\n    # Set the admin password for win rm# Install Chocolatey and some basic tools\r\n    iex ((New-Object System.Net.WebClient).DownloadString('https://chocolatey.org/install.ps1'))\r\n    cinst notepadplusplus git googlechrome sql-server-management-studio -y   \r\n    \u003c/powershell\u003e\r\n",
            "template": "    \u003cpowershell\u003e\u003e\r\n    ###################################################################################################\r\n    # Terraform bootstrap - enable TLS 1.2, WinRM, Install Chocolatey + Tools, and Set Admin Password\r\n    ###################################################################################################\r\n    # Enforce TLS 1.2 and execution policy\r\n    Set-ExecutionPolicy Bypass -Scope Process -Force; [System.Net.ServicePointManager]::SecurityProtocol = [System.Net.ServicePointManager]::SecurityProtocol -bor 3072;  \r\n    \r\n    # Enable WinRM for Terraform file provisioner\r\n    iex ((New-Object System.Net.WebClient).DownloadString('https://raw.githubusercontent.com/ansible/ansible/devel/examples/scripts/ConfigureRemotingForAnsible.ps1'))\r\n    \r\n    # Set the admin password for win rm# Install Chocolatey and some basic tools\r\n    iex ((New-Object System.Net.WebClient).DownloadString('https://chocolatey.org/install.ps1'))\r\n    cinst notepadplusplus git googlechrome sql-server-management-studio -y   \r\n    \u003c/powershell\u003e\r\n",
            "vars": null
          }
        }
      ]
    },
    {
      "module": "module.aio",
      "mode": "managed",
      "type": "aws_instance",
      "name": "this",
      "provider": "provider[\"registry.terraform.io/hashicorp/aws\"]",
      "instances": [
        {
          "index_key": 0,
          "schema_version": 1,
          "attributes": {
            "ami": "ami-07280e820068b6fff",
            "arn": "arn:aws:ec2:us-west-2:275043232443:instance/i-007d70bb3a05f4eb2",
            "associate_public_ip_address": true,
            "availability_zone": "us-west-2a",
            "cpu_core_count": 2,
            "cpu_threads_per_core": 2,
            "credit_specification": [
              {
                "cpu_credits": null
              }
            ],
            "disable_api_termination": false,
            "ebs_block_device": [],
            "ebs_optimized": true,
            "enclave_options": [
              {
                "enabled": false
              }
            ],
            "ephemeral_block_device": [],
            "get_password_data": false,
            "hibernation": false,
            "host_id": null,
            "iam_instance_profile": "",
            "id": "i-007d70bb3a05f4eb2",
            "instance_initiated_shutdown_behavior": "",
            "instance_state": "running",
            "instance_type": "c5.xlarge",
            "ipv6_address_count": 0,
            "ipv6_addresses": [],
            "key_name": "gonzalez-oregon",
            "metadata_options": [
              {
                "http_endpoint": "enabled",
                "http_put_response_hop_limit": 1,
                "http_tokens": "optional"
              }
            ],
            "monitoring": false,
            "network_interface": [],
            "outpost_arn": "",
            "password_data": "",
            "placement_group": "",
            "primary_network_interface_id": "eni-03b0ce1a674744e30",
            "private_dns": "ip-10-100-6-154.us-west-2.compute.internal",
            "private_ip": "10.100.6.154",
            "public_dns": "ec2-34-210-239-148.us-west-2.compute.amazonaws.com",
            "public_ip": "34.210.239.148",
            "root_block_device": [
              {
                "delete_on_termination": true,
                "device_name": "/dev/sda1",
                "encrypted": false,
                "iops": 450,
                "kms_key_id": "",
                "throughput": 0,
                "volume_id": "vol-01fe22ba5bdcfd513",
                "volume_size": 150,
                "volume_type": "gp2"
              }
            ],
            "secondary_private_ips": [],
            "security_groups": [],
            "source_dest_check": true,
            "subnet_id": "subnet-003fee140a33ba0be",
            "tags": {
              "Environment": "Deveopment",
              "Name": "MGL-AIO",
              "Owner": "miguel.gonzalez@checkmarx.com",
              "Terraform": "true"
            },
            "tenancy": "default",
            "timeouts": null,
            "user_data": "f91c99b1fa1bdafd3b87fffec6179a74e966ec1a",
            "user_data_base64": null,
            "volume_tags": {
              "Name": "MGL-AIO"
            },
            "vpc_security_group_ids": [
              "sg-021e7c04b776838bd"
            ]
          },
          "private": "eyJlMmJmYjczMC1lY2FhLTExZTYtOGY4OC0zNDM2M2JjN2M0YzAiOnsiY3JlYXRlIjo2MDAwMDAwMDAwMDAsImRlbGV0ZSI6MTIwMDAwMDAwMDAwMCwidXBkYXRlIjo2MDAwMDAwMDAwMDB9LCJzY2hlbWFfdmVyc2lvbiI6IjEifQ==",
          "dependencies": [
            "data.aws_ami.latest_server2016",
            "data.template_file.manager_provisioner"
          ]
        }
      ]
    }
  ]
}
